
Microsoft Visual Studio Solution File, Format Version 12.00
# Visual Studio 15
VisualStudioVersion = 15.0.27004.2009
MinimumVisualStudioVersion = 10.0.40219.1
Project("{9A19103F-16F7-4668-BE54-9A1E7A4F7556}") = "Thorium.Client", "Thorium.Client\Thorium.Client.csproj", "{736545C5-DBBC-45F2-818B-6F2E79251D46}"
EndProject
Project("{FAE04EC0-301F-11D3-BF4B-00C04F79EFBC}") = "Thorium.Test", "Thorium.Test\Thorium.Test.csproj", "{AC4D22A1-F56D-4D9F-9506-A6CCF7570996}"
EndProject
Project("{FAE04EC0-301F-11D3-BF4B-00C04F79EFBC}") = "Thorium.StorageService", "Thorium-StorageService\Thorium.StorageService.csproj", "{60CE86DE-D3EB-4052-B3F7-3950BA29BB63}"
EndProject
Project("{FAE04EC0-301F-11D3-BF4B-00C04F79EFBC}") = "Thorium.Data", "Thorium-Data\Thorium.Data.csproj", "{CE09B32A-6648-4683-9371-4BEAB1EAF050}"
EndProject
Project("{FAE04EC0-301F-11D3-BF4B-00C04F79EFBC}") = "Thorium.Data.Implementation", "Thorium-Data-Implementation\Thorium.Data.Implementation.csproj", "{09068342-D870-430B-BE61-EA9A4EA92B24}"
EndProject
Project("{FAE04EC0-301F-11D3-BF4B-00C04F79EFBC}") = "Thorium.Net", "Thorium-Net\Thorium.Net.csproj", "{6C35570E-8937-4E5D-80A8-608D1D5080FA}"
EndProject
Project("{FAE04EC0-301F-11D3-BF4B-00C04F79EFBC}") = "Thorium.Config", "Thorium-Config\Thorium.Config.csproj", "{9614C963-7E65-4F33-8DD2-4CA7E080A39F}"
EndProject
Project("{FAE04EC0-301F-11D3-BF4B-00C04F79EFBC}") = "Thorium.Extensions.JSON", "Thorium-Extensions-JSON\Thorium.Extensions.JSON.csproj", "{B1143619-9C6C-4A4B-9777-139B0DD299F9}"
EndProject
Project("{FAE04EC0-301F-11D3-BF4B-00C04F79EFBC}") = "Thorium.Reflection", "Thorium-Reflection\Thorium.Reflection.csproj", "{9EB60393-FE62-4652-AE93-1C0A912C7455}"
EndProject
Project("{FAE04EC0-301F-11D3-BF4B-00C04F79EFBC}") = "Thorium.Logging", "Thorium-Logging\Thorium.Logging.csproj", "{779CCC20-8F23-4026-B922-4E22586B2242}"
EndProject
Project("{FAE04EC0-301F-11D3-BF4B-00C04F79EFBC}") = "Thorium.Collections", "Thorium-Collections\Thorium.Collections.csproj", "{45D2CB81-6F28-4EB8-A173-BAFC92A7F5E4}"
EndProject
Project("{FAE04EC0-301F-11D3-BF4B-00C04F79EFBC}") = "Thorium.Threading", "Thorium-Threading\Thorium.Threading.csproj", "{A066C6D5-B60A-4D09-8D8D-DA85E7900B1E}"
EndProject
Project("{FAE04EC0-301F-11D3-BF4B-00C04F79EFBC}") = "Thorium.Events", "Thorium-Events\Thorium.Events.csproj", "{45A552C6-4D20-4FF8-B0E8-FCFB3456CD82}"
EndProject
Project("{FAE04EC0-301F-11D3-BF4B-00C04F79EFBC}") = "Thorium.CommandLine", "Thorium-CommandLine\Thorium.CommandLine.csproj", "{F6E068A0-6C15-40DC-A80B-C9AA75FD13A3}"
EndProject
Project("{FAE04EC0-301F-11D3-BF4B-00C04F79EFBC}") = "Thorium.Processes", "Thorium-Processes\Thorium.Processes.csproj", "{054BB79A-57FF-4222-8B24-AB8FF995E5A6}"
EndProject
Project("{FAE04EC0-301F-11D3-BF4B-00C04F79EFBC}") = "Thorium.Utils", "Thorium-Utils\Thorium.Utils.csproj", "{A171EBC8-F5ED-479C-BEF5-FD545B551BE4}"
EndProject
Project("{FAE04EC0-301F-11D3-BF4B-00C04F79EFBC}") = "Thorium.IO", "Thorium-IO\Thorium.IO.csproj", "{EDDA42E6-5158-41CD-AAC8-2347301BA08A}"
EndProject
Project("{FAE04EC0-301F-11D3-BF4B-00C04F79EFBC}") = "Thorium.Jobs", "Thorium.Jobs\Thorium.Jobs.csproj", "{9AD83361-D4F8-435C-9F23-D367F38D5DFF}"
EndProject
Project("{FAE04EC0-301F-11D3-BF4B-00C04F79EFBC}") = "Thorium.Plugins", "Thorium-Plugins\Thorium.Plugins.csproj", "{D287EC1D-1F2B-4433-A6BB-24ADD1D25466}"
EndProject
Project("{FAE04EC0-301F-11D3-BF4B-00C04F79EFBC}") = "Thorium.Extensions.String", "Thorium-Extensions-String\Thorium.Extensions.String.csproj", "{C3980A26-E25D-4C61-90EB-3E49BA565F69}"
EndProject
Project("{2150E333-8FDC-42A3-9474-1A3956D46DE8}") = "Submodules", "Submodules", "{24656C1B-BBA2-4463-9A65-583B94909F51}"
EndProject
Project("{FAE04EC0-301F-11D3-BF4B-00C04F79EFBC}") = "Thorium.Net.ServiceHost.Proxying", "Thorium.Net.ServiceHost.Proxying\Thorium.Net.ServiceHost.Proxying.csproj", "{FE5AD83D-1CC2-411D-A56D-1424031D4106}"
EndProject
Project("{9A19103F-16F7-4668-BE54-9A1E7A4F7556}") = "Thorium.Server", "Thorium.Server\Thorium.Server.csproj", "{5F8E3C70-5836-4070-A2CD-E9F4EFF29E42}"
EndProject
Project("{9A19103F-16F7-4668-BE54-9A1E7A4F7556}") = "Thorium.Shared", "Thorium.Shared\Thorium.Shared.csproj", "{F213C2FD-94E2-47C2-B26C-A4D079F44A1D}"
EndProject
Global
	GlobalSection(SolutionConfigurationPlatforms) = preSolution
		Debug|Any CPU = Debug|Any CPU
		Release|Any CPU = Release|Any CPU
	EndGlobalSection
	GlobalSection(ProjectConfigurationPlatforms) = postSolution
		{736545C5-DBBC-45F2-818B-6F2E79251D46}.Debug|Any CPU.ActiveCfg = Debug|Any CPU
		{736545C5-DBBC-45F2-818B-6F2E79251D46}.Debug|Any CPU.Build.0 = Debug|Any CPU
		{736545C5-DBBC-45F2-818B-6F2E79251D46}.Release|Any CPU.ActiveCfg = Release|Any CPU
		{736545C5-DBBC-45F2-818B-6F2E79251D46}.Release|Any CPU.Build.0 = Release|Any CPU
		{1701A4EB-99F8-4D7D-B471-A738AD83C83B}.Debug|Any CPU.ActiveCfg = Debug|Any CPU
		{1701A4EB-99F8-4D7D-B471-A738AD83C83B}.Debug|Any CPU.Build.0 = Debug|Any CPU
		{1701A4EB-99F8-4D7D-B471-A738AD83C83B}.Release|Any CPU.ActiveCfg = Release|Any CPU
		{1701A4EB-99F8-4D7D-B471-A738AD83C83B}.Release|Any CPU.Build.0 = Release|Any CPU
		{AC4D22A1-F56D-4D9F-9506-A6CCF7570996}.Debug|Any CPU.ActiveCfg = Debug|Any CPU
		{AC4D22A1-F56D-4D9F-9506-A6CCF7570996}.Debug|Any CPU.Build.0 = Debug|Any CPU
		{AC4D22A1-F56D-4D9F-9506-A6CCF7570996}.Release|Any CPU.ActiveCfg = Release|Any CPU
		{AC4D22A1-F56D-4D9F-9506-A6CCF7570996}.Release|Any CPU.Build.0 = Release|Any CPU
		{60CE86DE-D3EB-4052-B3F7-3950BA29BB63}.Debug|Any CPU.ActiveCfg = Debug|Any CPU
		{60CE86DE-D3EB-4052-B3F7-3950BA29BB63}.Debug|Any CPU.Build.0 = Debug|Any CPU
		{60CE86DE-D3EB-4052-B3F7-3950BA29BB63}.Release|Any CPU.ActiveCfg = Release|Any CPU
		{60CE86DE-D3EB-4052-B3F7-3950BA29BB63}.Release|Any CPU.Build.0 = Release|Any CPU
		{CE09B32A-6648-4683-9371-4BEAB1EAF050}.Debug|Any CPU.ActiveCfg = Debug|Any CPU
		{CE09B32A-6648-4683-9371-4BEAB1EAF050}.Debug|Any CPU.Build.0 = Debug|Any CPU
		{CE09B32A-6648-4683-9371-4BEAB1EAF050}.Release|Any CPU.ActiveCfg = Release|Any CPU
		{CE09B32A-6648-4683-9371-4BEAB1EAF050}.Release|Any CPU.Build.0 = Release|Any CPU
		{09068342-D870-430B-BE61-EA9A4EA92B24}.Debug|Any CPU.ActiveCfg = Debug|Any CPU
		{09068342-D870-430B-BE61-EA9A4EA92B24}.Debug|Any CPU.Build.0 = Debug|Any CPU
		{09068342-D870-430B-BE61-EA9A4EA92B24}.Release|Any CPU.ActiveCfg = Release|Any CPU
		{09068342-D870-430B-BE61-EA9A4EA92B24}.Release|Any CPU.Build.0 = Release|Any CPU
		{6C35570E-8937-4E5D-80A8-608D1D5080FA}.Debug|Any CPU.ActiveCfg = Debug|Any CPU
		{6C35570E-8937-4E5D-80A8-608D1D5080FA}.Debug|Any CPU.Build.0 = Debug|Any CPU
		{6C35570E-8937-4E5D-80A8-608D1D5080FA}.Release|Any CPU.ActiveCfg = Release|Any CPU
		{6C35570E-8937-4E5D-80A8-608D1D5080FA}.Release|Any CPU.Build.0 = Release|Any CPU
		{9614C963-7E65-4F33-8DD2-4CA7E080A39F}.Debug|Any CPU.ActiveCfg = Debug|Any CPU
		{9614C963-7E65-4F33-8DD2-4CA7E080A39F}.Debug|Any CPU.Build.0 = Debug|Any CPU
		{9614C963-7E65-4F33-8DD2-4CA7E080A39F}.Release|Any CPU.ActiveCfg = Release|Any CPU
		{9614C963-7E65-4F33-8DD2-4CA7E080A39F}.Release|Any CPU.Build.0 = Release|Any CPU
		{B1143619-9C6C-4A4B-9777-139B0DD299F9}.Debug|Any CPU.ActiveCfg = Debug|Any CPU
		{B1143619-9C6C-4A4B-9777-139B0DD299F9}.Debug|Any CPU.Build.0 = Debug|Any CPU
		{B1143619-9C6C-4A4B-9777-139B0DD299F9}.Release|Any CPU.ActiveCfg = Release|Any CPU
		{B1143619-9C6C-4A4B-9777-139B0DD299F9}.Release|Any CPU.Build.0 = Release|Any CPU
		{9EB60393-FE62-4652-AE93-1C0A912C7455}.Debug|Any CPU.ActiveCfg = Debug|Any CPU
		{9EB60393-FE62-4652-AE93-1C0A912C7455}.Debug|Any CPU.Build.0 = Debug|Any CPU
		{9EB60393-FE62-4652-AE93-1C0A912C7455}.Release|Any CPU.ActiveCfg = Release|Any CPU
		{9EB60393-FE62-4652-AE93-1C0A912C7455}.Release|Any CPU.Build.0 = Release|Any CPU
		{779CCC20-8F23-4026-B922-4E22586B2242}.Debug|Any CPU.ActiveCfg = Debug|Any CPU
		{779CCC20-8F23-4026-B922-4E22586B2242}.Debug|Any CPU.Build.0 = Debug|Any CPU
		{779CCC20-8F23-4026-B922-4E22586B2242}.Release|Any CPU.ActiveCfg = Release|Any CPU
		{779CCC20-8F23-4026-B922-4E22586B2242}.Release|Any CPU.Build.0 = Release|Any CPU
		{45D2CB81-6F28-4EB8-A173-BAFC92A7F5E4}.Debug|Any CPU.ActiveCfg = Debug|Any CPU
		{45D2CB81-6F28-4EB8-A173-BAFC92A7F5E4}.Debug|Any CPU.Build.0 = Debug|Any CPU
		{45D2CB81-6F28-4EB8-A173-BAFC92A7F5E4}.Release|Any CPU.ActiveCfg = Release|Any CPU
		{45D2CB81-6F28-4EB8-A173-BAFC92A7F5E4}.Release|Any CPU.Build.0 = Release|Any CPU
		{A066C6D5-B60A-4D09-8D8D-DA85E7900B1E}.Debug|Any CPU.ActiveCfg = Debug|Any CPU
		{A066C6D5-B60A-4D09-8D8D-DA85E7900B1E}.Debug|Any CPU.Build.0 = Debug|Any CPU
		{A066C6D5-B60A-4D09-8D8D-DA85E7900B1E}.Release|Any CPU.ActiveCfg = Release|Any CPU
		{A066C6D5-B60A-4D09-8D8D-DA85E7900B1E}.Release|Any CPU.Build.0 = Release|Any CPU
		{45A552C6-4D20-4FF8-B0E8-FCFB3456CD82}.Debug|Any CPU.ActiveCfg = Debug|Any CPU
		{45A552C6-4D20-4FF8-B0E8-FCFB3456CD82}.Debug|Any CPU.Build.0 = Debug|Any CPU
		{45A552C6-4D20-4FF8-B0E8-FCFB3456CD82}.Release|Any CPU.ActiveCfg = Release|Any CPU
		{45A552C6-4D20-4FF8-B0E8-FCFB3456CD82}.Release|Any CPU.Build.0 = Release|Any CPU
		{F6E068A0-6C15-40DC-A80B-C9AA75FD13A3}.Debug|Any CPU.ActiveCfg = Debug|Any CPU
		{F6E068A0-6C15-40DC-A80B-C9AA75FD13A3}.Debug|Any CPU.Build.0 = Debug|Any CPU
		{F6E068A0-6C15-40DC-A80B-C9AA75FD13A3}.Release|Any CPU.ActiveCfg = Release|Any CPU
		{F6E068A0-6C15-40DC-A80B-C9AA75FD13A3}.Release|Any CPU.Build.0 = Release|Any CPU
		{054BB79A-57FF-4222-8B24-AB8FF995E5A6}.Debug|Any CPU.ActiveCfg = Debug|Any CPU
		{054BB79A-57FF-4222-8B24-AB8FF995E5A6}.Debug|Any CPU.Build.0 = Debug|Any CPU
		{054BB79A-57FF-4222-8B24-AB8FF995E5A6}.Release|Any CPU.ActiveCfg = Release|Any CPU
		{054BB79A-57FF-4222-8B24-AB8FF995E5A6}.Release|Any CPU.Build.0 = Release|Any CPU
		{A171EBC8-F5ED-479C-BEF5-FD545B551BE4}.Debug|Any CPU.ActiveCfg = Debug|Any CPU
		{A171EBC8-F5ED-479C-BEF5-FD545B551BE4}.Debug|Any CPU.Build.0 = Debug|Any CPU
		{A171EBC8-F5ED-479C-BEF5-FD545B551BE4}.Release|Any CPU.ActiveCfg = Release|Any CPU
		{A171EBC8-F5ED-479C-BEF5-FD545B551BE4}.Release|Any CPU.Build.0 = Release|Any CPU
		{EDDA42E6-5158-41CD-AAC8-2347301BA08A}.Debug|Any CPU.ActiveCfg = Debug|Any CPU
		{EDDA42E6-5158-41CD-AAC8-2347301BA08A}.Debug|Any CPU.Build.0 = Debug|Any CPU
		{EDDA42E6-5158-41CD-AAC8-2347301BA08A}.Release|Any CPU.ActiveCfg = Release|Any CPU
		{EDDA42E6-5158-41CD-AAC8-2347301BA08A}.Release|Any CPU.Build.0 = Release|Any CPU
		{9AD83361-D4F8-435C-9F23-D367F38D5DFF}.Debug|Any CPU.ActiveCfg = Debug|Any CPU
		{9AD83361-D4F8-435C-9F23-D367F38D5DFF}.Debug|Any CPU.Build.0 = Debug|Any CPU
		{9AD83361-D4F8-435C-9F23-D367F38D5DFF}.Release|Any CPU.ActiveCfg = Release|Any CPU
		{9AD83361-D4F8-435C-9F23-D367F38D5DFF}.Release|Any CPU.Build.0 = Release|Any CPU
		{D287EC1D-1F2B-4433-A6BB-24ADD1D25466}.Debug|Any CPU.ActiveCfg = Debug|Any CPU
		{D287EC1D-1F2B-4433-A6BB-24ADD1D25466}.Debug|Any CPU.Build.0 = Debug|Any CPU
		{D287EC1D-1F2B-4433-A6BB-24ADD1D25466}.Release|Any CPU.ActiveCfg = Release|Any CPU
		{D287EC1D-1F2B-4433-A6BB-24ADD1D25466}.Release|Any CPU.Build.0 = Release|Any CPU
		{C3980A26-E25D-4C61-90EB-3E49BA565F69}.Debug|Any CPU.ActiveCfg = Debug|Any CPU
		{C3980A26-E25D-4C61-90EB-3E49BA565F69}.Debug|Any CPU.Build.0 = Debug|Any CPU
		{C3980A26-E25D-4C61-90EB-3E49BA565F69}.Release|Any CPU.ActiveCfg = Release|Any CPU
		{C3980A26-E25D-4C61-90EB-3E49BA565F69}.Release|Any CPU.Build.0 = Release|Any CPU
		{FE5AD83D-1CC2-411D-A56D-1424031D4106}.Debug|Any CPU.ActiveCfg = Debug|Any CPU
		{FE5AD83D-1CC2-411D-A56D-1424031D4106}.Debug|Any CPU.Build.0 = Debug|Any CPU
		{FE5AD83D-1CC2-411D-A56D-1424031D4106}.Release|Any CPU.ActiveCfg = Release|Any CPU
		{FE5AD83D-1CC2-411D-A56D-1424031D4106}.Release|Any CPU.Build.0 = Release|Any CPU
		{5F8E3C70-5836-4070-A2CD-E9F4EFF29E42}.Debug|Any CPU.ActiveCfg = Debug|Any CPU
		{5F8E3C70-5836-4070-A2CD-E9F4EFF29E42}.Debug|Any CPU.Build.0 = Debug|Any CPU
		{5F8E3C70-5836-4070-A2CD-E9F4EFF29E42}.Release|Any CPU.ActiveCfg = Release|Any CPU
		{5F8E3C70-5836-4070-A2CD-E9F4EFF29E42}.Release|Any CPU.Build.0 = Release|Any CPU
		{F213C2FD-94E2-47C2-B26C-A4D079F44A1D}.Debug|Any CPU.ActiveCfg = Debug|Any CPU
		{F213C2FD-94E2-47C2-B26C-A4D079F44A1D}.Debug|Any CPU.Build.0 = Debug|Any CPU
		{F213C2FD-94E2-47C2-B26C-A4D079F44A1D}.Release|Any CPU.ActiveCfg = Release|Any CPU
		{F213C2FD-94E2-47C2-B26C-A4D079F44A1D}.Release|Any CPU.Build.0 = Release|Any CPU
		{114D1955-DD37-40AF-9F27-ECEC21AB9FE7}.Debug|Any CPU.ActiveCfg = Debug|Any CPU
		{114D1955-DD37-40AF-9F27-ECEC21AB9FE7}.Debug|Any CPU.Build.0 = Debug|Any CPU
		{114D1955-DD37-40AF-9F27-ECEC21AB9FE7}.Release|Any CPU.ActiveCfg = Release|Any CPU
		{114D1955-DD37-40AF-9F27-ECEC21AB9FE7}.Release|Any CPU.Build.0 = Release|Any CPU
	EndGlobalSection
	GlobalSection(SolutionProperties) = preSolution
		HideSolutionNode = FALSE
	EndGlobalSection
	GlobalSection(NestedProjects) = preSolution
		{60CE86DE-D3EB-4052-B3F7-3950BA29BB63} = {24656C1B-BBA2-4463-9A65-583B94909F51}
		{CE09B32A-6648-4683-9371-4BEAB1EAF050} = {24656C1B-BBA2-4463-9A65-583B94909F51}
		{09068342-D870-430B-BE61-EA9A4EA92B24} = {24656C1B-BBA2-4463-9A65-583B94909F51}
		{6C35570E-8937-4E5D-80A8-608D1D5080FA} = {24656C1B-BBA2-4463-9A65-583B94909F51}
		{9614C963-7E65-4F33-8DD2-4CA7E080A39F} = {24656C1B-BBA2-4463-9A65-583B94909F51}
		{B1143619-9C6C-4A4B-9777-139B0DD299F9} = {24656C1B-BBA2-4463-9A65-583B94909F51}
		{9EB60393-FE62-4652-AE93-1C0A912C7455} = {24656C1B-BBA2-4463-9A65-583B94909F51}
		{779CCC20-8F23-4026-B922-4E22586B2242} = {24656C1B-BBA2-4463-9A65-583B94909F51}
		{45D2CB81-6F28-4EB8-A173-BAFC92A7F5E4} = {24656C1B-BBA2-4463-9A65-583B94909F51}
		{A066C6D5-B60A-4D09-8D8D-DA85E7900B1E} = {24656C1B-BBA2-4463-9A65-583B94909F51}
		{45A552C6-4D20-4FF8-B0E8-FCFB3456CD82} = {24656C1B-BBA2-4463-9A65-583B94909F51}
		{F6E068A0-6C15-40DC-A80B-C9AA75FD13A3} = {24656C1B-BBA2-4463-9A65-583B94909F51}
		{054BB79A-57FF-4222-8B24-AB8FF995E5A6} = {24656C1B-BBA2-4463-9A65-583B94909F51}
		{A171EBC8-F5ED-479C-BEF5-FD545B551BE4} = {24656C1B-BBA2-4463-9A65-583B94909F51}
		{EDDA42E6-5158-41CD-AAC8-2347301BA08A} = {24656C1B-BBA2-4463-9A65-583B94909F51}
		{D287EC1D-1F2B-4433-A6BB-24ADD1D25466} = {24656C1B-BBA2-4463-9A65-583B94909F51}
		{C3980A26-E25D-4C61-90EB-3E49BA565F69} = {24656C1B-BBA2-4463-9A65-583B94909F51}
		{FE5AD83D-1CC2-411D-A56D-1424031D4106} = {24656C1B-BBA2-4463-9A65-583B94909F51}
	EndGlobalSection
	GlobalSection(ExtensibilityGlobals) = postSolution
		SolutionGuid = {6760BD9C-E47B-432A-B93B-5FD34F3A09A7}
	EndGlobalSection
EndGlobal
